
Microsoft Visual Studio Solution File, Format Version 12.00
# Visual Studio Version 17
VisualStudioVersion = 17.0.32126.317
MinimumVisualStudioVersion = 10.0.40219.1
Project("{FAE04EC0-301F-11D3-BF4B-00C04F79EFBC}") = "WebProject", "WebProject.csproj", "{16E15945-76C7-4F0E-AAB4-718DF9928568}"
EndProject
Global
	GlobalSection(SolutionConfigurationPlatforms) = preSolution
		Debug|Any CPU = Debug|Any CPU
		Release|Any CPU = Release|Any CPU
	EndGlobalSection
	GlobalSection(ProjectConfigurationPlatforms) = postSolution
		{16E15945-76C7-4F0E-AAB4-718DF9928568}.Debug|Any CPU.ActiveCfg = Debug|Any CPU
		{16E15945-76C7-4F0E-AAB4-718DF9928568}.Debug|Any CPU.Build.0 = Debug|Any CPU
		{16E15945-76C7-4F0E-AAB4-718DF9928568}.Release|Any CPU.ActiveCfg = Release|Any CPU
		{16E15945-76C7-4F0E-AAB4-718DF9928568}.Release|Any CPU.Build.0 = Release|Any CPU
	EndGlobalSection
	GlobalSection(SolutionProperties) = preSolution
		HideSolutionNode = FALSE
	EndGlobalSection
	GlobalSection(ExtensibilityGlobals) = postSolution
		SolutionGuid = {557AC2AD-20F6-4371-9A7A-F3076CBE011B}
	EndGlobalSection
EndGlobal
